Microsoft Visual Studio Solution File, Format Version 11.00
# Visual Studio 2008

Project("{EAD311DA-48B5-F1DD-8188-0763565BF758}") = "incred", "Assembly-CSharp.csproj", "{67B20872-1665-4A58-C0CB-5E7D2BCC6D22}"
EndProject
Global
	GlobalSection(SolutionConfigurationPlatforms) = preSolution
		Debug|Any CPU = Debug|Any CPU
		Release|Any CPU = Release|Any CPU
	EndGlobalSection
	GlobalSection(ProjectConfigurationPlatforms) = postSolution
		{67B20872-1665-4A58-C0CB-5E7D2BCC6D22}.Debug|Any CPU.ActiveCfg = Debug|Any CPU
		{67B20872-1665-4A58-C0CB-5E7D2BCC6D22}.Debug|Any CPU.Build.0 = Debug|Any CPU
		{67B20872-1665-4A58-C0CB-5E7D2BCC6D22}.Release|Any CPU.ActiveCfg = Release|Any CPU
		{67B20872-1665-4A58-C0CB-5E7D2BCC6D22}.Release|Any CPU.Build.0 = Release|Any CPU
	EndGlobalSection
	GlobalSection(SolutionProperties) = preSolution
		HideSolutionNode = FALSE
	EndGlobalSection
	GlobalSection(MonoDevelopProperties) = preSolution
		StartupItem = Assembly-CSharp.csproj
	EndGlobalSection
EndGlobal
